
Microsoft Visual Studio Solution File, Format Version 12.00
# Visual Studio 14
VisualStudioVersion = 14.0.25420.1
MinimumVisualStudioVersion = 10.0.40219.1
Project("{FAE04EC0-301F-11D3-BF4B-00C04F79EFBC}") = "cef_119", "cef_119.csproj", "{B1AADAF6-1FBC-44CC-A4B7-6ECD4B07B61E}"
EndProject
Project("{FAE04EC0-301F-11D3-BF4B-00C04F79EFBC}") = "CefSharp.Example", "CefSharp.Example\CefSharp.Example.csproj", "{A4394E7B-1155-43A6-989E-8AB72DDDC9E4}"
EndProject
Project("{FAE04EC0-301F-11D3-BF4B-00C04F79EFBC}") = "CefSharp.WinForms.Example", "CefSharp.WinForms.Example\CefSharp.WinForms.Example.csproj", "{C043FFF7-5F71-4FFC-989A-E09E18548589}"
EndProject
Project("{FAE04EC0-301F-11D3-BF4B-00C04F79EFBC}") = "CefSharp.Test", "CefSharp.Test\CefSharp.Test.csproj", "{7A4D5447-183B-4A11-8E63-9848991B46FF}"
EndProject
Project("{E24C65DC-7377-472B-9ABA-BC803B73C61A}") = "player", "bin\x86\Debug\player\", "{4A54CA56-F917-461C-92E2-E2B5A143CCA4}"
	ProjectSection(WebsiteProperties) = preProject
		TargetFrameworkMoniker = ".NETFramework,Version%3Dv4.0"
		Debug.AspNetCompiler.VirtualPath = "/localhost_56066"
		Debug.AspNetCompiler.PhysicalPath = "bin\x86\Debug\player\"
		Debug.AspNetCompiler.TargetPath = "PrecompiledWeb\localhost_56066\"
		Debug.AspNetCompiler.Updateable = "true"
		Debug.AspNetCompiler.ForceOverwrite = "true"
		Debug.AspNetCompiler.FixedNames = "false"
		Debug.AspNetCompiler.Debug = "True"
		Release.AspNetCompiler.VirtualPath = "/localhost_56066"
		Release.AspNetCompiler.PhysicalPath = "bin\x86\Debug\player\"
		Release.AspNetCompiler.TargetPath = "PrecompiledWeb\localhost_56066\"
		Release.AspNetCompiler.Updateable = "true"
		Release.AspNetCompiler.ForceOverwrite = "true"
		Release.AspNetCompiler.FixedNames = "false"
		Release.AspNetCompiler.Debug = "False"
		VWDPort = "56066"
		SlnRelativePath = "bin\x86\Debug\player\"
	EndProjectSection
EndProject
Project("{E24C65DC-7377-472B-9ABA-BC803B73C61A}") = "media", "G:\_EL\Document\data_el2\media\", "{6A9E38B4-12D3-4F18-B379-95FAD9E4DA5D}"
	ProjectSection(WebsiteProperties) = preProject
		TargetFrameworkMoniker = ".NETFramework,Version%3Dv2.0"
		Debug.AspNetCompiler.VirtualPath = "/localhost_56820"
		Debug.AspNetCompiler.PhysicalPath = "G:\_EL\Document\data_el2\media\"
		Debug.AspNetCompiler.TargetPath = "PrecompiledWeb\localhost_56820\"
		Debug.AspNetCompiler.Updateable = "true"
		Debug.AspNetCompiler.ForceOverwrite = "true"
		Debug.AspNetCompiler.FixedNames = "false"
		Debug.AspNetCompiler.Debug = "True"
		Release.AspNetCompiler.VirtualPath = "/localhost_56820"
		Release.AspNetCompiler.PhysicalPath = "G:\_EL\Document\data_el2\media\"
		Release.AspNetCompiler.TargetPath = "PrecompiledWeb\localhost_56820\"
		Release.AspNetCompiler.Updateable = "true"
		Release.AspNetCompiler.ForceOverwrite = "true"
		Release.AspNetCompiler.FixedNames = "false"
		Release.AspNetCompiler.Debug = "False"
		VWDPort = "56820"
		SlnRelativePath = "G:\_EL\Document\data_el2\media\"
	EndProjectSection
EndProject
Global
	GlobalSection(SolutionConfigurationPlatforms) = preSolution
		Debug|Any CPU = Debug|Any CPU
		Debug|x86 = Debug|x86
		Release|Any CPU = Release|Any CPU
		Release|x86 = Release|x86
	EndGlobalSection
	GlobalSection(ProjectConfigurationPlatforms) = postSolution
		{B1AADAF6-1FBC-44CC-A4B7-6ECD4B07B61E}.Debug|Any CPU.ActiveCfg = Debug|x86
		{B1AADAF6-1FBC-44CC-A4B7-6ECD4B07B61E}.Debug|Any CPU.Build.0 = Debug|x86
		{B1AADAF6-1FBC-44CC-A4B7-6ECD4B07B61E}.Debug|x86.ActiveCfg = Debug|x86
		{B1AADAF6-1FBC-44CC-A4B7-6ECD4B07B61E}.Debug|x86.Build.0 = Debug|x86
		{B1AADAF6-1FBC-44CC-A4B7-6ECD4B07B61E}.Release|Any CPU.ActiveCfg = Release|Any CPU
		{B1AADAF6-1FBC-44CC-A4B7-6ECD4B07B61E}.Release|Any CPU.Build.0 = Release|Any CPU
		{B1AADAF6-1FBC-44CC-A4B7-6ECD4B07B61E}.Release|x86.ActiveCfg = Release|x86
		{B1AADAF6-1FBC-44CC-A4B7-6ECD4B07B61E}.Release|x86.Build.0 = Release|x86
		{A4394E7B-1155-43A6-989E-8AB72DDDC9E4}.Debug|Any CPU.ActiveCfg = Debug|Any CPU
		{A4394E7B-1155-43A6-989E-8AB72DDDC9E4}.Debug|Any CPU.Build.0 = Debug|Any CPU
		{A4394E7B-1155-43A6-989E-8AB72DDDC9E4}.Debug|x86.ActiveCfg = Debug|Any CPU
		{A4394E7B-1155-43A6-989E-8AB72DDDC9E4}.Debug|x86.Build.0 = Debug|Any CPU
		{A4394E7B-1155-43A6-989E-8AB72DDDC9E4}.Release|Any CPU.ActiveCfg = Release|Any CPU
		{A4394E7B-1155-43A6-989E-8AB72DDDC9E4}.Release|Any CPU.Build.0 = Release|Any CPU
		{A4394E7B-1155-43A6-989E-8AB72DDDC9E4}.Release|x86.ActiveCfg = Release|Any CPU
		{A4394E7B-1155-43A6-989E-8AB72DDDC9E4}.Release|x86.Build.0 = Release|Any CPU
		{C043FFF7-5F71-4FFC-989A-E09E18548589}.Debug|Any CPU.ActiveCfg = Debug|Any CPU
		{C043FFF7-5F71-4FFC-989A-E09E18548589}.Debug|Any CPU.Build.0 = Debug|Any CPU
		{C043FFF7-5F71-4FFC-989A-E09E18548589}.Debug|x86.ActiveCfg = Debug|Any CPU
		{C043FFF7-5F71-4FFC-989A-E09E18548589}.Debug|x86.Build.0 = Debug|Any CPU
		{C043FFF7-5F71-4FFC-989A-E09E18548589}.Release|Any CPU.ActiveCfg = Release|Any CPU
		{C043FFF7-5F71-4FFC-989A-E09E18548589}.Release|Any CPU.Build.0 = Release|Any CPU
		{C043FFF7-5F71-4FFC-989A-E09E18548589}.Release|x86.ActiveCfg = Release|Any CPU
		{C043FFF7-5F71-4FFC-989A-E09E18548589}.Release|x86.Build.0 = Release|Any CPU
		{7A4D5447-183B-4A11-8E63-9848991B46FF}.Debug|Any CPU.ActiveCfg = Debug|Any CPU
		{7A4D5447-183B-4A11-8E63-9848991B46FF}.Debug|Any CPU.Build.0 = Debug|Any CPU
		{7A4D5447-183B-4A11-8E63-9848991B46FF}.Debug|x86.ActiveCfg = Debug|Any CPU
		{7A4D5447-183B-4A11-8E63-9848991B46FF}.Debug|x86.Build.0 = Debug|Any CPU
		{7A4D5447-183B-4A11-8E63-9848991B46FF}.Release|Any CPU.ActiveCfg = Release|Any CPU
		{7A4D5447-183B-4A11-8E63-9848991B46FF}.Release|Any CPU.Build.0 = Release|Any CPU
		{7A4D5447-183B-4A11-8E63-9848991B46FF}.Release|x86.ActiveCfg = Release|Any CPU
		{7A4D5447-183B-4A11-8E63-9848991B46FF}.Release|x86.Build.0 = Release|Any CPU
		{4A54CA56-F917-461C-92E2-E2B5A143CCA4}.Debug|Any CPU.ActiveCfg = Debug|Any CPU
		{4A54CA56-F917-461C-92E2-E2B5A143CCA4}.Debug|Any CPU.Build.0 = Debug|Any CPU
		{4A54CA56-F917-461C-92E2-E2B5A143CCA4}.Debug|x86.ActiveCfg = Debug|Any CPU
		{4A54CA56-F917-461C-92E2-E2B5A143CCA4}.Debug|x86.Build.0 = Debug|Any CPU
		{4A54CA56-F917-461C-92E2-E2B5A143CCA4}.Release|Any CPU.ActiveCfg = Debug|Any CPU
		{4A54CA56-F917-461C-92E2-E2B5A143CCA4}.Release|Any CPU.Build.0 = Debug|Any CPU
		{4A54CA56-F917-461C-92E2-E2B5A143CCA4}.Release|x86.ActiveCfg = Debug|Any CPU
		{4A54CA56-F917-461C-92E2-E2B5A143CCA4}.Release|x86.Build.0 = Debug|Any CPU
		{6A9E38B4-12D3-4F18-B379-95FAD9E4DA5D}.Debug|Any CPU.ActiveCfg = Debug|Any CPU
		{6A9E38B4-12D3-4F18-B379-95FAD9E4DA5D}.Debug|Any CPU.Build.0 = Debug|Any CPU
		{6A9E38B4-12D3-4F18-B379-95FAD9E4DA5D}.Debug|x86.ActiveCfg = Debug|Any CPU
		{6A9E38B4-12D3-4F18-B379-95FAD9E4DA5D}.Debug|x86.Build.0 = Debug|Any CPU
		{6A9E38B4-12D3-4F18-B379-95FAD9E4DA5D}.Release|Any CPU.ActiveCfg = Debug|Any CPU
		{6A9E38B4-12D3-4F18-B379-95FAD9E4DA5D}.Release|Any CPU.Build.0 = Debug|Any CPU
		{6A9E38B4-12D3-4F18-B379-95FAD9E4DA5D}.Release|x86.ActiveCfg = Debug|Any CPU
		{6A9E38B4-12D3-4F18-B379-95FAD9E4DA5D}.Release|x86.Build.0 = Debug|Any CPU
	EndGlobalSection
	GlobalSection(SolutionProperties) = preSolution
		HideSolutionNode = FALSE
	EndGlobalSection
EndGlobal
